// !$*UTF8*$!
{
	archiveVersion = 1;
	classes = {
	};
	objectVersion = 50;
	objects = {

/* Begin PBXBuildFile section */
		8307528D2E55313F824EE730 /* libPods-OCADV.a in Frameworks */ = {isa = PBXBuildFile; fileRef = BF861BBF599A30C2847E9A99 /* libPods-OCADV.a */; };
		FF56DD5C21AFE3E70080DFBF /* AppDelegate.m in Sources */ = {isa = PBXBuildFile; fileRef = FF56DD5B21AFE3E70080DFBF /* AppDelegate.m */; };
		FF56DD5F21AFE3E70080DFBF /* ViewController.m in Sources */ = {isa = PBXBuildFile; fileRef = FF56DD5E21AFE3E70080DFBF /* ViewController.m */; };
		FF56DD6221AFE3E70080DFBF /* Main.storyboard in Resources */ = {isa = PBXBuildFile; fileRef = FF56DD6021AFE3E70080DFBF /* Main.storyboard */; };
		FF56DD6421AFE3E80080DFBF /* Assets.xcassets in Resources */ = {isa = PBXBuildFile; fileRef = FF56DD6321AFE3E80080DFBF /* Assets.xcassets */; };
		FF56DD6721AFE3E80080DFBF /* LaunchScreen.storyboard in Resources */ = {isa = PBXBuildFile; fileRef = FF56DD6521AFE3E80080DFBF /* LaunchScreen.storyboard */; };
		FF56DD6A21AFE3E80080DFBF /* main.m in Sources */ = {isa = PBXBuildFile; fileRef = FF56DD6921AFE3E80080DFBF /* main.m */; };
		FF7559D821AFE7DC00F6F08A /* ReactiveCocoaController.m in Sources */ = {isa = PBXBuildFile; fileRef = FF7559D721AFE7DC00F6F08A /* ReactiveCocoaController.m */; };
		FF7559DC21AFEC4200F6F08A /* UINavigationController+category.m in Sources */ = {isa = PBXBuildFile; fileRef = FF7559DB21AFEC4200F6F08A /* UINavigationController+category.m */; };
		FF7559E021AFEF7700F6F08A /* MyButton.m in Sources */ = {isa = PBXBuildFile; fileRef = FF7559DF21AFEF7700F6F08A /* MyButton.m */; };
		FF7559E421AFEFE500F6F08A /* CreateSubViewHandler.m in Sources */ = {isa = PBXBuildFile; fileRef = FF7559E321AFEFE500F6F08A /* CreateSubViewHandler.m */; };
		FF7559E921AFF05300F6F08A /* RACView.m in Sources */ = {isa = PBXBuildFile; fileRef = FF7559E821AFF05300F6F08A /* RACView.m */; };
		FF7559EE21B0D70D00F6F08A /* AlertUtil.m in Sources */ = {isa = PBXBuildFile; fileRef = FF7559ED21B0D70D00F6F08A /* AlertUtil.m */; };
		FF7559F121B0DCF500F6F08A /* ControllerUtil.m in Sources */ = {isa = PBXBuildFile; fileRef = FF7559F021B0DCF500F6F08A /* ControllerUtil.m */; };
		FF755A1C21B121E200F6F08A /* UIView+Category.m in Sources */ = {isa = PBXBuildFile; fileRef = FF755A1B21B121E200F6F08A /* UIView+Category.m */; };
/* End PBXBuildFile section */

/* Begin PBXFileReference section */
		3FDD81362AC29D58B0343515 /* Pods-OCADV.debug.xcconfig */ = {isa = PBXFileReference; includeInIndex = 1; lastKnownFileType = text.xcconfig; name = "Pods-OCADV.debug.xcconfig"; path = "Pods/Target Support Files/Pods-OCADV/Pods-OCADV.debug.xcconfig"; sourceTree = "<group>"; };
		BF861BBF599A30C2847E9A99 /* libPods-OCADV.a */ = {isa = PBXFileReference; explicitFileType = archive.ar; includeInIndex = 0; path = "libPods-OCADV.a"; sourceTree = BUILT_PRODUCTS_DIR; };
		F8510DCDD960DB7776E00042 /* Pods-OCADV.release.xcconfig */ = {isa = PBXFileReference; includeInIndex = 1; lastKnownFileType = text.xcconfig; name = "Pods-OCADV.release.xcconfig"; path = "Pods/Target Support Files/Pods-OCADV/Pods-OCADV.release.xcconfig"; sourceTree = "<group>"; };
		FF56DD5721AFE3E70080DFBF /* OCADV.app */ = {isa = PBXFileReference; explicitFileType = wrapper.application; includeInIndex = 0; path = OCADV.app; sourceTree = BUILT_PRODUCTS_DIR; };
		FF56DD5A21AFE3E70080DFBF /* AppDelegate.h */ = {isa = PBXFileReference; lastKnownFileType = sourcecode.c.h; path = AppDelegate.h; sourceTree = "<group>"; };
		FF56DD5B21AFE3E70080DFBF /* AppDelegate.m */ = {isa = PBXFileReference; lastKnownFileType = sourcecode.c.objc; path = AppDelegate.m; sourceTree = "<group>"; };
		FF56DD5D21AFE3E70080DFBF /* ViewController.h */ = {isa = PBXFileReference; lastKnownFileType = sourcecode.c.h; path = ViewController.h; sourceTree = "<group>"; };
		FF56DD5E21AFE3E70080DFBF /* ViewController.m */ = {isa = PBXFileReference; lastKnownFileType = sourcecode.c.objc; path = ViewController.m; sourceTree = "<group>"; };
		FF56DD6121AFE3E70080DFBF /* Base */ = {isa = PBXFileReference; lastKnownFileType = file.storyboard; name = Base; path = Base.lproj/Main.storyboard; sourceTree = "<group>"; };
		FF56DD6321AFE3E80080DFBF /* Assets.xcassets */ = {isa = PBXFileReference; lastKnownFileType = folder.assetcatalog; path = Assets.xcassets; sourceTree = "<group>"; };
		FF56DD6621AFE3E80080DFBF /* Base */ = {isa = PBXFileReference; lastKnownFileType = file.storyboard; name = Base; path = Base.lproj/LaunchScreen.storyboard; sourceTree = "<group>"; };
		FF56DD6821AFE3E80080DFBF /* Info.plist */ = {isa = PBXFileReference; lastKnownFileType = text.plist.xml; path = Info.plist; sourceTree = "<group>"; };
		FF56DD6921AFE3E80080DFBF /* main.m */ = {isa = PBXFileReference; lastKnownFileType = sourcecode.c.objc; path = main.m; sourceTree = "<group>"; };
		FF7559D621AFE7DC00F6F08A /* ReactiveCocoaController.h */ = {isa = PBXFileReference; lastKnownFileType = sourcecode.c.h; path = ReactiveCocoaController.h; sourceTree = "<group>"; };
		FF7559D721AFE7DC00F6F08A /* ReactiveCocoaController.m */ = {isa = PBXFileReference; lastKnownFileType = sourcecode.c.objc; path = ReactiveCocoaController.m; sourceTree = "<group>"; };
		FF7559DA21AFEC4200F6F08A /* UINavigationController+category.h */ = {isa = PBXFileReference; fileEncoding = 4; lastKnownFileType = sourcecode.c.h; path = "UINavigationController+category.h"; sourceTree = "<group>"; };
		FF7559DB21AFEC4200F6F08A /* UINavigationController+category.m */ = {isa = PBXFileReference; fileEncoding = 4; lastKnownFileType = sourcecode.c.objc; path = "UINavigationController+category.m"; sourceTree = "<group>"; };
		FF7559DE21AFEF7700F6F08A /* MyButton.h */ = {isa = PBXFileReference; lastKnownFileType = sourcecode.c.h; path = MyButton.h; sourceTree = "<group>"; };
		FF7559DF21AFEF7700F6F08A /* MyButton.m */ = {isa = PBXFileReference; lastKnownFileType = sourcecode.c.objc; path = MyButton.m; sourceTree = "<group>"; };
		FF7559E221AFEFE500F6F08A /* CreateSubViewHandler.h */ = {isa = PBXFileReference; fileEncoding = 4; lastKnownFileType = sourcecode.c.h; path = CreateSubViewHandler.h; sourceTree = "<group>"; };
		FF7559E321AFEFE500F6F08A /* CreateSubViewHandler.m */ = {isa = PBXFileReference; fileEncoding = 4; lastKnownFileType = sourcecode.c.objc; path = CreateSubViewHandler.m; sourceTree = "<group>"; };
		FF7559E721AFF05300F6F08A /* RACView.h */ = {isa = PBXFileReference; lastKnownFileType = sourcecode.c.h; path = RACView.h; sourceTree = "<group>"; };
		FF7559E821AFF05300F6F08A /* RACView.m */ = {isa = PBXFileReference; lastKnownFileType = sourcecode.c.objc; path = RACView.m; sourceTree = "<group>"; };
		FF7559EA21AFF24100F6F08A /* Constants.h */ = {isa = PBXFileReference; lastKnownFileType = sourcecode.c.h; path = Constants.h; sourceTree = "<group>"; };
		FF7559EB21AFF37800F6F08A /* Constants.pch */ = {isa = PBXFileReference; lastKnownFileType = sourcecode.c.h; path = Constants.pch; sourceTree = "<group>"; };
		FF7559EC21B0D70D00F6F08A /* AlertUtil.h */ = {isa = PBXFileReference; lastKnownFileType = sourcecode.c.h; path = AlertUtil.h; sourceTree = "<group>"; };
		FF7559ED21B0D70D00F6F08A /* AlertUtil.m */ = {isa = PBXFileReference; lastKnownFileType = sourcecode.c.objc; path = AlertUtil.m; sourceTree = "<group>"; };
		FF7559EF21B0DCF500F6F08A /* ControllerUtil.h */ = {isa = PBXFileReference; lastKnownFileType = sourcecode.c.h; path = ControllerUtil.h; sourceTree = "<group>"; };
		FF7559F021B0DCF500F6F08A /* ControllerUtil.m */ = {isa = PBXFileReference; lastKnownFileType = sourcecode.c.objc; path = ControllerUtil.m; sourceTree = "<group>"; };
		FF755A1A21B121E200F6F08A /* UIView+Category.h */ = {isa = PBXFileReference; fileEncoding = 4; lastKnownFileType = sourcecode.c.h; path = "UIView+Category.h"; sourceTree = "<group>"; };
		FF755A1B21B121E200F6F08A /* UIView+Category.m */ = {isa = PBXFileReference; fileEncoding = 4; lastKnownFileType = sourcecode.c.objc; path = "UIView+Category.m"; sourceTree = "<group>"; };
/* End PBXFileReference section */

/* Begin PBXFrameworksBuildPhase section */
		FF56DD5421AFE3E70080DFBF /* Frameworks */ = {
			isa = PBXFrameworksBuildPhase;
			buildActionMask = 2147483647;
			files = (
				8307528D2E55313F824EE730 /* libPods-OCADV.a in Frameworks */,
			);
			runOnlyForDeploymentPostprocessing = 0;
		};
/* End PBXFrameworksBuildPhase section */

/* Begin PBXGroup section */
		2FBFB8E56C2378BF7429E0E6 /* Frameworks */ = {
			isa = PBXGroup;
			children = (
				BF861BBF599A30C2847E9A99 /* libPods-OCADV.a */,
			);
			name = Frameworks;
			sourceTree = "<group>";
		};
		B3E66761F0FF2598A6400E60 /* Pods */ = {
			isa = PBXGroup;
			children = (
				3FDD81362AC29D58B0343515 /* Pods-OCADV.debug.xcconfig */,
				F8510DCDD960DB7776E00042 /* Pods-OCADV.release.xcconfig */,
			);
			name = Pods;
			sourceTree = "<group>";
		};
		FF56DD4E21AFE3E70080DFBF = {
			isa = PBXGroup;
			children = (
				FF56DD5921AFE3E70080DFBF /* OCADV */,
				FF56DD5821AFE3E70080DFBF /* Products */,
				B3E66761F0FF2598A6400E60 /* Pods */,
				2FBFB8E56C2378BF7429E0E6 /* Frameworks */,
			);
			sourceTree = "<group>";
		};
		FF56DD5821AFE3E70080DFBF /* Products */ = {
			isa = PBXGroup;
			children = (
				FF56DD5721AFE3E70080DFBF /* OCADV.app */,
			);
			name = Products;
			sourceTree = "<group>";
		};
		FF56DD5921AFE3E70080DFBF /* OCADV */ = {
			isa = PBXGroup;
			children = (
				FF7559D521AFE79D00F6F08A /* Main */,
				FF7559D421AFE77E00F6F08A /* ReactiveCocoa(RAC) */,
				FF7559D921AFEC2700F6F08A /* Category */,
				FF7559DD21AFEF5B00F6F08A /* CustomView */,
				FF7559E121AFEFD100F6F08A /* Util */,
				FF56DD6021AFE3E70080DFBF /* Main.storyboard */,
				FF56DD6321AFE3E80080DFBF /* Assets.xcassets */,
				FF56DD6521AFE3E80080DFBF /* LaunchScreen.storyboard */,
				FF56DD6821AFE3E80080DFBF /* Info.plist */,
				FF7559EA21AFF24100F6F08A /* Constants.h */,
				FF7559EB21AFF37800F6F08A /* Constants.pch */,
				FF56DD6921AFE3E80080DFBF /* main.m */,
			);
			path = OCADV;
			sourceTree = "<group>";
		};
		FF7559D421AFE77E00F6F08A /* ReactiveCocoa(RAC) */ = {
			isa = PBXGroup;
			children = (
				FF7559E521AFF02000F6F08A /* Controllers */,
				FF7559E621AFF02F00F6F08A /* Views */,
			);
			path = "ReactiveCocoa(RAC)";
			sourceTree = "<group>";
		};
		FF7559D521AFE79D00F6F08A /* Main */ = {
			isa = PBXGroup;
			children = (
				FF56DD5A21AFE3E70080DFBF /* AppDelegate.h */,
				FF56DD5B21AFE3E70080DFBF /* AppDelegate.m */,
				FF56DD5D21AFE3E70080DFBF /* ViewController.h */,
				FF56DD5E21AFE3E70080DFBF /* ViewController.m */,
			);
			path = Main;
			sourceTree = "<group>";
		};
		FF7559D921AFEC2700F6F08A /* Category */ = {
			isa = PBXGroup;
			children = (
				FF755A1A21B121E200F6F08A /* UIView+Category.h */,
				FF755A1B21B121E200F6F08A /* UIView+Category.m */,
				FF7559DA21AFEC4200F6F08A /* UINavigationController+category.h */,
				FF7559DB21AFEC4200F6F08A /* UINavigationController+category.m */,
			);
			path = Category;
			sourceTree = "<group>";
		};
		FF7559DD21AFEF5B00F6F08A /* CustomView */ = {
			isa = PBXGroup;
			children = (
				FF7559DE21AFEF7700F6F08A /* MyButton.h */,
				FF7559DF21AFEF7700F6F08A /* MyButton.m */,
			);
			path = CustomView;
			sourceTree = "<group>";
		};
		FF7559E121AFEFD100F6F08A /* Util */ = {
			isa = PBXGroup;
			children = (
				FF7559E221AFEFE500F6F08A /* CreateSubViewHandler.h */,
				FF7559E321AFEFE500F6F08A /* CreateSubViewHandler.m */,
				FF7559EC21B0D70D00F6F08A /* AlertUtil.h */,
				FF7559ED21B0D70D00F6F08A /* AlertUtil.m */,
				FF7559EF21B0DCF500F6F08A /* ControllerUtil.h */,
				FF7559F021B0DCF500F6F08A /* ControllerUtil.m */,
			);
			path = Util;
			sourceTree = "<group>";
		};
		FF7559E521AFF02000F6F08A /* Controllers */ = {
			isa = PBXGroup;
			children = (
				FF7559D621AFE7DC00F6F08A /* ReactiveCocoaController.h */,
				FF7559D721AFE7DC00F6F08A /* ReactiveCocoaController.m */,
			);
			path = Controllers;
			sourceTree = "<group>";
		};
		FF7559E621AFF02F00F6F08A /* Views */ = {
			isa = PBXGroup;
			children = (
				FF7559E721AFF05300F6F08A /* RACView.h */,
				FF7559E821AFF05300F6F08A /* RACView.m */,
			);
			path = Views;
			sourceTree = "<group>";
		};
/* End PBXGroup section */

/* Begin PBXNativeTarget section */
		FF56DD5621AFE3E70080DFBF /* OCADV */ = {
			isa = PBXNativeTarget;
			buildConfigurationList = FF56DD6D21AFE3E80080DFBF /* Build configuration list for PBXNativeTarget "OCADV" */;
			buildPhases = (
				81A06B458C0983E5FA81DFFD /* [CP] Check Pods Manifest.lock */,
				FF56DD5321AFE3E70080DFBF /* Sources */,
				FF56DD5421AFE3E70080DFBF /* Frameworks */,
				FF56DD5521AFE3E70080DFBF /* Resources */,
			);
			buildRules = (
			);
			dependencies = (
			);
			name = OCADV;
			productName = OCADV;
			productReference = FF56DD5721AFE3E70080DFBF /* OCADV.app */;
			productType = "com.apple.product-type.application";
		};
/* End PBXNativeTarget section */

/* Begin PBXProject section */
		FF56DD4F21AFE3E70080DFBF /* Project object */ = {
			isa = PBXProject;
			attributes = {
				LastUpgradeCheck = 1010;
				ORGANIZATIONNAME = MrChen;
				TargetAttributes = {
					FF56DD5621AFE3E70080DFBF = {
						CreatedOnToolsVersion = 10.1;
					};
				};
			};
			buildConfigurationList = FF56DD5221AFE3E70080DFBF /* Build configuration list for PBXProject "OCADV" */;
			compatibilityVersion = "Xcode 9.3";
			developmentRegion = en;
			hasScannedForEncodings = 0;
			knownRegions = (
				en,
				Base,
			);
			mainGroup = FF56DD4E21AFE3E70080DFBF;
			productRefGroup = FF56DD5821AFE3E70080DFBF /* Products */;
			projectDirPath = "";
			projectRoot = "";
			targets = (
				FF56DD5621AFE3E70080DFBF /* OCADV */,
			);
		};
/* End PBXProject section */

/* Begin PBXResourcesBuildPhase section */
		FF56DD5521AFE3E70080DFBF /* Resources */ = {
			isa = PBXResourcesBuildPhase;
			buildActionMask = 2147483647;
			files = (
				FF56DD6721AFE3E80080DFBF /* LaunchScreen.storyboard in Resources */,
				FF56DD6421AFE3E80080DFBF /* Assets.xcassets in Resources */,
				FF56DD6221AFE3E70080DFBF /* Main.storyboard in Resources */,
			);
			runOnlyForDeploymentPostprocessing = 0;
		};
/* End PBXResourcesBuildPhase section */

/* Begin PBXShellScriptBuildPhase section */
		81A06B458C0983E5FA81DFFD /* [CP] Check Pods Manifest.lock */ = {
			isa = PBXShellScriptBuildPhase;
			buildActionMask = 2147483647;
			files = (
			);
			inputFileListPaths = (
			);
			inputPaths = (
				"${PODS_PODFILE_DIR_PATH}/Podfile.lock",
				"${PODS_ROOT}/Manifest.lock",
			);
			name = "[CP] Check Pods Manifest.lock";
			outputFileListPaths = (
			);
			outputPaths = (
				"$(DERIVED_FILE_DIR)/Pods-OCADV-checkManifestLockResult.txt",
			);
			runOnlyForDeploymentPostprocessing = 0;
			shellPath = /bin/sh;
			shellScript = "diff \"${PODS_PODFILE_DIR_PATH}/Podfile.lock\" \"${PODS_ROOT}/Manifest.lock\" > /dev/null\nif [ $? != 0 ] ; then\n    # print error to STDERR\n    echo \"error: The sandbox is not in sync with the Podfile.lock. Run 'pod install' or update your CocoaPods installation.\" >&2\n    exit 1\nfi\n# This output is used by Xcode 'outputs' to avoid re-running this script phase.\necho \"SUCCESS\" > \"${SCRIPT_OUTPUT_FILE_0}\"\n";
			showEnvVarsInLog = 0;
		};
/* End PBXShellScriptBuildPhase section */

/* Begin PBXSourcesBuildPhase section */
		FF56DD5321AFE3E70080DFBF /* Sources */ = {
			isa = PBXSourcesBuildPhase;
			buildActionMask = 2147483647;
			files = (
				FF7559D821AFE7DC00F6F08A /* ReactiveCocoaController.m in Sources */,
				FF56DD5F21AFE3E70080DFBF /* ViewController.m in Sources */,
				FF56DD6A21AFE3E80080DFBF /* main.m in Sources */,
				FF755A1C21B121E200F6F08A /* UIView+Category.m in Sources */,
				FF7559E021AFEF7700F6F08A /* MyButton.m in Sources */,
				FF7559E421AFEFE500F6F08A /* CreateSubViewHandler.m in Sources */,
				FF7559E921AFF05300F6F08A /* RACView.m in Sources */,
				FF7559EE21B0D70D00F6F08A /* AlertUtil.m in Sources */,
				FF7559F121B0DCF500F6F08A /* ControllerUtil.m in Sources */,
				FF7559DC21AFEC4200F6F08A /* UINavigationController+category.m in Sources */,
				FF56DD5C21AFE3E70080DFBF /* AppDelegate.m in Sources */,
			);
			runOnlyForDeploymentPostprocessing = 0;
		};
/* End PBXSourcesBuildPhase section */

/* Begin PBXVariantGroup section */
		FF56DD6021AFE3E70080DFBF /* Main.storyboard */ = {
			isa = PBXVariantGroup;
			children = (
				FF56DD6121AFE3E70080DFBF /* Base */,
			);
			name = Main.storyboard;
			sourceTree = "<group>";
		};
		FF56DD6521AFE3E80080DFBF /* LaunchScreen.storyboard */ = {
			isa = PBXVariantGroup;
			children = (
				FF56DD6621AFE3E80080DFBF /* Base */,
			);
			name = LaunchScreen.storyboard;
			sourceTree = "<group>";
		};
/* End PBXVariantGroup section */

/* Begin XCBuildConfiguration section */
		FF56DD6B21AFE3E80080DFBF /* Debug */ = {
			isa = XCBuildConfiguration;
			buildSettings = {
				ALWAYS_SEARCH_USER_PATHS = NO;
				CLANG_ANALYZER_NONNULL = YES;
				CLANG_ANALYZER_NUMBER_OBJECT_CONVERSION = YES_AGGRESSIVE;
				CLANG_CXX_LANGUAGE_STANDARD = "gnu++14";
				CLANG_CXX_LIBRARY = "libc++";
				CLANG_ENABLE_MODULES = YES;
				CLANG_ENABLE_OBJC_ARC = YES;
				CLANG_ENABLE_OBJC_WEAK = YES;
				CLANG_WARN_BLOCK_CAPTURE_AUTORELEASING = YES;
				CLANG_WARN_BOOL_CONVERSION = YES;
				CLANG_WARN_COMMA = YES;
				CLANG_WARN_CONSTANT_CONVERSION = YES;
				CLANG_WARN_DEPRECATED_OBJC_IMPLEMENTATIONS = YES;
				CLANG_WARN_DIRECT_OBJC_ISA_USAGE = YES_ERROR;
				CLANG_WARN_DOCUMENTATION_COMMENTS = YES;
				CLANG_WARN_EMPTY_BODY = YES;
				CLANG_WARN_ENUM_CONVERSION = YES;
				CLANG_WARN_INFINITE_RECURSION = YES;
				CLANG_WARN_INT_CONVERSION = YES;
				CLANG_WARN_NON_LITERAL_NULL_CONVERSION = YES;
				CLANG_WARN_OBJC_IMPLICIT_RETAIN_SELF = YES;
				CLANG_WARN_OBJC_LITERAL_CONVERSION = YES;
				CLANG_WARN_OBJC_ROOT_CLASS = YES_ERROR;
				CLANG_WARN_RANGE_LOOP_ANALYSIS = YES;
				CLANG_WARN_STRICT_PROTOTYPES = YES;
				CLANG_WARN_SUSPICIOUS_MOVE = YES;
				CLANG_WARN_UNGUARDED_AVAILABILITY = YES_AGGRESSIVE;
				CLANG_WARN_UNREACHABLE_CODE = YES;
				CLANG_WARN__DUPLICATE_METHOD_MATCH = YES;
				CODE_SIGN_IDENTITY = "iPhone Developer";
				COPY_PHASE_STRIP = NO;
				DEBUG_INFORMATION_FORMAT = dwarf;
				ENABLE_STRICT_OBJC_MSGSEND = YES;
				ENABLE_TESTABILITY = YES;
				GCC_C_LANGUAGE_STANDARD = gnu11;
				GCC_DYNAMIC_NO_PIC = NO;
				GCC_NO_COMMON_BLOCKS = YES;
				GCC_OPTIMIZATION_LEVEL = 0;
				GCC_PREPROCESSOR_DEFINITIONS = (
					"DEBUG=1",
					"$(inherited)",
				);
				GCC_WARN_64_TO_32_BIT_CONVERSION = YES;
				GCC_WARN_ABOUT_RETURN_TYPE = YES_ERROR;
				GCC_WARN_UNDECLARED_SELECTOR = YES;
				GCC_WARN_UNINITIALIZED_AUTOS = YES_AGGRESSIVE;
				GCC_WARN_UNUSED_FUNCTION = YES;
				GCC_WARN_UNUSED_VARIABLE = YES;
				IPHONEOS_DEPLOYMENT_TARGET = 12.1;
				MTL_ENABLE_DEBUG_INFO = INCLUDE_SOURCE;
				MTL_FAST_MATH = YES;
				ONLY_ACTIVE_ARCH = YES;
				SDKROOT = iphoneos;
			};
			name = Debug;
		};
		FF56DD6C21AFE3E80080DFBF /* Release */ = {
			isa = XCBuildConfiguration;
			buildSettings = {
				ALWAYS_SEARCH_USER_PATHS = NO;
				CLANG_ANALYZER_NONNULL = YES;
				CLANG_ANALYZER_NUMBER_OBJECT_CONVERSION = YES_AGGRESSIVE;
				CLANG_CXX_LANGUAGE_STANDARD = "gnu++14";
				CLANG_CXX_LIBRARY = "libc++";
				CLANG_ENABLE_MODULES = YES;
				CLANG_ENABLE_OBJC_ARC = YES;
				CLANG_ENABLE_OBJC_WEAK = YES;
				CLANG_WARN_BLOCK_CAPTURE_AUTORELEASING = YES;
				CLANG_WARN_BOOL_CONVERSION = YES;
				CLANG_WARN_COMMA = YES;
				CLANG_WARN_CONSTANT_CONVERSION = YES;
				CLANG_WARN_DEPRECATED_OBJC_IMPLEMENTATIONS = YES;
				CLANG_WARN_DIRECT_OBJC_ISA_USAGE = YES_ERROR;
				CLANG_WARN_DOCUMENTATION_COMMENTS = YES;
				CLANG_WARN_EMPTY_BODY = YES;
				CLANG_WARN_ENUM_CONVERSION = YES;
				CLANG_WARN_INFINITE_RECURSION = YES;
				CLANG_WARN_INT_CONVERSION = YES;
				CLANG_WARN_NON_LITERAL_NULL_CONVERSION = YES;
				CLANG_WARN_OBJC_IMPLICIT_RETAIN_SELF = YES;
				CLANG_WARN_OBJC_LITERAL_CONVERSION = YES;
				CLANG_WARN_OBJC_ROOT_CLASS = YES_ERROR;
				CLANG_WARN_RANGE_LOOP_ANALYSIS = YES;
				CLANG_WARN_STRICT_PROTOTYPES = YES;
				CLANG_WARN_SUSPICIOUS_MOVE = YES;
				CLANG_WARN_UNGUARDED_AVAILABILITY = YES_AGGRESSIVE;
				CLANG_WARN_UNREACHABLE_CODE = YES;
				CLANG_WARN__DUPLICATE_METHOD_MATCH = YES;
				CODE_SIGN_IDENTITY = "iPhone Developer";
				COPY_PHASE_STRIP = NO;
				DEBUG_INFORMATION_FORMAT = "dwarf-with-dsym";
				ENABLE_NS_ASSERTIONS = NO;
				ENABLE_STRICT_OBJC_MSGSEND = YES;
				GCC_C_LANGUAGE_STANDARD = gnu11;
				GCC_NO_COMMON_BLOCKS = YES;
				GCC_WARN_64_TO_32_BIT_CONVERSION = YES;
				GCC_WARN_ABOUT_RETURN_TYPE = YES_ERROR;
				GCC_WARN_UNDECLARED_SELECTOR = YES;
				GCC_WARN_UNINITIALIZED_AUTOS = YES_AGGRESSIVE;
				GCC_WARN_UNUSED_FUNCTION = YES;
				GCC_WARN_UNUSED_VARIABLE = YES;
				IPHONEOS_DEPLOYMENT_TARGET = 12.1;
				MTL_ENABLE_DEBUG_INFO = NO;
				MTL_FAST_MATH = YES;
				SDKROOT = iphoneos;
				VALIDATE_PRODUCT = YES;
			};
			name = Release;
		};
		FF56DD6E21AFE3E80080DFBF /* Debug */ = {
			isa = XCBuildConfiguration;
			baseConfigurationReference = 3FDD81362AC29D58B0343515 /* Pods-OCADV.debug.xcconfig */;
			buildSettings = {
				ASSETCATALOG_COMPILER_APPICON_NAME = AppIcon;
				CODE_SIGN_STYLE = Automatic;
				GCC_PREFIX_HEADER = OCADV/Constants.pch;
				INFOPLIST_FILE = OCADV/Info.plist;
				LD_RUNPATH_SEARCH_PATHS = (
					"$(inherited)",
					"@executable_path/Frameworks",
				);
				PRODUCT_BUNDLE_IDENTIFIER = com.deppon.OCADV;
				PRODUCT_NAME = "$(TARGET_NAME)";
				TARGETED_DEVICE_FAMILY = "1,2";
			};
			name = Debug;
		};
		FF56DD6F21AFE3E80080DFBF /* Release */ = {
			isa = XCBuildConfiguration;
			baseConfigurationReference = F8510DCDD960DB7776E00042 /* Pods-OCADV.release.xcconfig */;
			buildSettings = {
				ASSETCATALOG_COMPILER_APPICON_NAME = AppIcon;
				CODE_SIGN_STYLE = Automatic;
				GCC_PREFIX_HEADER = OCADV/Constants.pch;
				INFOPLIST_FILE = OCADV/Info.plist;
				LD_RUNPATH_SEARCH_PATHS = (
					"$(inherited)",
					"@executable_path/Frameworks",
				);
				PRODUCT_BUNDLE_IDENTIFIER = com.deppon.OCADV;
				PRODUCT_NAME = "$(TARGET_NAME)";
				TARGETED_DEVICE_FAMILY = "1,2";
			};
			name = Release;
		};
/* End XCBuildConfiguration section */

/* Begin XCConfigurationList section */
		FF56DD5221AFE3E70080DFBF /* Build configuration list for PBXProject "OCADV" */ = {
			isa = XCConfigurationList;
			buildConfigurations = (
				FF56DD6B21AFE3E80080DFBF /* Debug */,
				FF56DD6C21AFE3E80080DFBF /* Release */,
			);
			defaultConfigurationIsVisible = 0;
			defaultConfigurationName = Release;
		};
		FF56DD6D21AFE3E80080DFBF /* Build configuration list for PBXNativeTarget "OCADV" */ = {
			isa = XCConfigurationList;
			buildConfigurations = (
				FF56DD6E21AFE3E80080DFBF /* Debug */,
				FF56DD6F21AFE3E80080DFBF /* Release */,
			);
			defaultConfigurationIsVisible = 0;
			defaultConfigurationName = Release;
		};
/* End XCConfigurationList section */
	};
	rootObject = FF56DD4F21AFE3E70080DFBF /* Project object */;
}
