// !$*UTF8*$!
{
	archiveVersion = 1;
	classes = {
	};
	objectVersion = 50;
	objects = {

/* Begin PBXBuildFile section */
		FF56DD5C21AFE3E70080DFBF /* AppDelegate.m in Sources */ = {isa = PBXBuildFile; fileRef = FF56DD5B21AFE3E70080DFBF /* AppDelegate.m */; };
		FF56DD5F21AFE3E70080DFBF /* ViewController.m in Sources */ = {isa = PBXBuildFile; fileRef = FF56DD5E21AFE3E70080DFBF /* ViewController.m */; };
		FF56DD6221AFE3E70080DFBF /* Main.storyboard in Resources */ = {isa = PBXBuildFile; fileRef = FF56DD6021AFE3E70080DFBF /* Main.storyboard */; };
		FF56DD6421AFE3E80080DFBF /* Assets.xcassets in Resources */ = {isa = PBXBuildFile; fileRef = FF56DD6321AFE3E80080DFBF /* Assets.xcassets */; };
		FF56DD6721AFE3E80080DFBF /* LaunchScreen.storyboard in Resources */ = {isa = PBXBuildFile; fileRef = FF56DD6521AFE3E80080DFBF /* LaunchScreen.storyboard */; };
		FF56DD6A21AFE3E80080DFBF /* main.m in Sources */ = {isa = PBXBuildFile; fileRef = FF56DD6921AFE3E80080DFBF /* main.m */; };
/* End PBXBuildFile section */

/* Begin PBXFileReference section */
		FF56DD5721AFE3E70080DFBF /* OCADV.app */ = {isa = PBXFileReference; explicitFileType = wrapper.application; includeInIndex = 0; path = OCADV.app; sourceTree = BUILT_PRODUCTS_DIR; };
		FF56DD5A21AFE3E70080DFBF /* AppDelegate.h */ = {isa = PBXFileReference; lastKnownFileType = sourcecode.c.h; path = AppDelegate.h; sourceTree = "<group>"; };
		FF56DD5B21AFE3E70080DFBF /* AppDelegate.m */ = {isa = PBXFileReference; lastKnownFileType = sourcecode.c.objc; path = AppDelegate.m; sourceTree = "<group>"; };
		FF56DD5D21AFE3E70080DFBF /* ViewController.h */ = {isa = PBXFileReference; lastKnownFileType = sourcecode.c.h; path = ViewController.h; sourceTree = "<group>"; };
		FF56DD5E21AFE3E70080DFBF /* ViewController.m */ = {isa = PBXFileReference; lastKnownFileType = sourcecode.c.objc; path = ViewController.m; sourceTree = "<group>"; };
		FF56DD6121AFE3E70080DFBF /* Base */ = {isa = PBXFileReference; lastKnownFileType = file.storyboard; name = Base; path = Base.lproj/Main.storyboard; sourceTree = "<group>"; };
		FF56DD6321AFE3E80080DFBF /* Assets.xcassets */ = {isa = PBXFileReference; lastKnownFileType = folder.assetcatalog; path = Assets.xcassets; sourceTree = "<group>"; };
		FF56DD6621AFE3E80080DFBF /* Base */ = {isa = PBXFileReference; lastKnownFileType = file.storyboard; name = Base; path = Base.lproj/LaunchScreen.storyboard; sourceTree = "<group>"; };
		FF56DD6821AFE3E80080DFBF /* Info.plist */ = {isa = PBXFileReference; lastKnownFileType = text.plist.xml; path = Info.plist; sourceTree = "<group>"; };
		FF56DD6921AFE3E80080DFBF /* main.m */ = {isa = PBXFileReference; lastKnownFileType = sourcecode.c.objc; path = main.m; sourceTree = "<group>"; };
/* End PBXFileReference section */

/* Begin PBXFrameworksBuildPhase section */
		FF56DD5421AFE3E70080DFBF /* Frameworks */ = {
			isa = PBXFrameworksBuildPhase;
			buildActionMask = 2147483647;
			files = (
			);
			runOnlyForDeploymentPostprocessing = 0;
		};
/* End PBXFrameworksBuildPhase section */

/* Begin PBXGroup section */
		FF56DD4E21AFE3E70080DFBF = {
			isa = PBXGroup;
			children = (
				FF56DD5921AFE3E70080DFBF /* OCADV */,
				FF56DD5821AFE3E70080DFBF /* Products */,
			);
			sourceTree = "<group>";
		};
		FF56DD5821AFE3E70080DFBF /* Products */ = {
			isa = PBXGroup;
			children = (
				FF56DD5721AFE3E70080DFBF /* OCADV.app */,
			);
			name = Products;
			sourceTree = "<group>";
		};
		FF56DD5921AFE3E70080DFBF /* OCADV */ = {
			isa = PBXGroup;
			children = (
				FF56DD5A21AFE3E70080DFBF /* AppDelegate.h */,
				FF56DD5B21AFE3E70080DFBF /* AppDelegate.m */,
				FF56DD5D21AFE3E70080DFBF /* ViewController.h */,
				FF56DD5E21AFE3E70080DFBF /* ViewController.m */,
				FF56DD6021AFE3E70080DFBF /* Main.storyboard */,
				FF56DD6321AFE3E80080DFBF /* Assets.xcassets */,
				FF56DD6521AFE3E80080DFBF /* LaunchScreen.storyboard */,
				FF56DD6821AFE3E80080DFBF /* Info.plist */,
				FF56DD6921AFE3E80080DFBF /* main.m */,
			);
			path = OCADV;
			sourceTree = "<group>";
		};
/* End PBXGroup section */

/* Begin PBXNativeTarget section */
		FF56DD5621AFE3E70080DFBF /* OCADV */ = {
			isa = PBXNativeTarget;
			buildConfigurationList = FF56DD6D21AFE3E80080DFBF /* Build configuration list for PBXNativeTarget "OCADV" */;
			buildPhases = (
				FF56DD5321AFE3E70080DFBF /* Sources */,
				FF56DD5421AFE3E70080DFBF /* Frameworks */,
				FF56DD5521AFE3E70080DFBF /* Resources */,
			);
			buildRules = (
			);
			dependencies = (
			);
			name = OCADV;
			productName = OCADV;
			productReference = FF56DD5721AFE3E70080DFBF /* OCADV.app */;
			productType = "com.apple.product-type.application";
		};
/* End PBXNativeTarget section */

/* Begin PBXProject section */
		FF56DD4F21AFE3E70080DFBF /* Project object */ = {
			isa = PBXProject;
			attributes = {
				LastUpgradeCheck = 1010;
				ORGANIZATIONNAME = MrChen;
				TargetAttributes = {
					FF56DD5621AFE3E70080DFBF = {
						CreatedOnToolsVersion = 10.1;
					};
				};
			};
			buildConfigurationList = FF56DD5221AFE3E70080DFBF /* Build configuration list for PBXProject "OCADV" */;
			compatibilityVersion = "Xcode 9.3";
			developmentRegion = en;
			hasScannedForEncodings = 0;
			knownRegions = (
				en,
				Base,
			);
			mainGroup = FF56DD4E21AFE3E70080DFBF;
			productRefGroup = FF56DD5821AFE3E70080DFBF /* Products */;
			projectDirPath = "";
			projectRoot = "";
			targets = (
				FF56DD5621AFE3E70080DFBF /* OCADV */,
			);
		};
/* End PBXProject section */

/* Begin PBXResourcesBuildPhase section */
		FF56DD5521AFE3E70080DFBF /* Resources */ = {
			isa = PBXResourcesBuildPhase;
			buildActionMask = 2147483647;
			files = (
				FF56DD6721AFE3E80080DFBF /* LaunchScreen.storyboard in Resources */,
				FF56DD6421AFE3E80080DFBF /* Assets.xcassets in Resources */,
				FF56DD6221AFE3E70080DFBF /* Main.storyboard in Resources */,
			);
			runOnlyForDeploymentPostprocessing = 0;
		};
/* End PBXResourcesBuildPhase section */

/* Begin PBXSourcesBuildPhase section */
		FF56DD5321AFE3E70080DFBF /* Sources */ = {
			isa = PBXSourcesBuildPhase;
			buildActionMask = 2147483647;
			files = (
				FF56DD5F21AFE3E70080DFBF /* ViewController.m in Sources */,
				FF56DD6A21AFE3E80080DFBF /* main.m in Sources */,
				FF56DD5C21AFE3E70080DFBF /* AppDelegate.m in Sources */,
			);
			runOnlyForDeploymentPostprocessing = 0;
		};
/* End PBXSourcesBuildPhase section */

/* Begin PBXVariantGroup section */
		FF56DD6021AFE3E70080DFBF /* Main.storyboard */ = {
			isa = PBXVariantGroup;
			children = (
				FF56DD6121AFE3E70080DFBF /* Base */,
			);
			name = Main.storyboard;
			sourceTree = "<group>";
		};
		FF56DD6521AFE3E80080DFBF /* LaunchScreen.storyboard */ = {
			isa = PBXVariantGroup;
			children = (
				FF56DD6621AFE3E80080DFBF /* Base */,
			);
			name = LaunchScreen.storyboard;
			sourceTree = "<group>";
		};
/* End PBXVariantGroup section */

/* Begin XCBuildConfiguration section */
		FF56DD6B21AFE3E80080DFBF /* Debug */ = {
			isa = XCBuildConfiguration;
			buildSettings = {
				ALWAYS_SEARCH_USER_PATHS = NO;
				CLANG_ANALYZER_NONNULL = YES;
				CLANG_ANALYZER_NUMBER_OBJECT_CONVERSION = YES_AGGRESSIVE;
				CLANG_CXX_LANGUAGE_STANDARD = "gnu++14";
				CLANG_CXX_LIBRARY = "libc++";
				CLANG_ENABLE_MODULES = YES;
				CLANG_ENABLE_OBJC_ARC = YES;
				CLANG_ENABLE_OBJC_WEAK = YES;
				CLANG_WARN_BLOCK_CAPTURE_AUTORELEASING = YES;
				CLANG_WARN_BOOL_CONVERSION = YES;
				CLANG_WARN_COMMA = YES;
				CLANG_WARN_CONSTANT_CONVERSION = YES;
				CLANG_WARN_DEPRECATED_OBJC_IMPLEMENTATIONS = YES;
				CLANG_WARN_DIRECT_OBJC_ISA_USAGE = YES_ERROR;
				CLANG_WARN_DOCUMENTATION_COMMENTS = YES;
				CLANG_WARN_EMPTY_BODY = YES;
				CLANG_WARN_ENUM_CONVERSION = YES;
				CLANG_WARN_INFINITE_RECURSION = YES;
				CLANG_WARN_INT_CONVERSION = YES;
				CLANG_WARN_NON_LITERAL_NULL_CONVERSION = YES;
				CLANG_WARN_OBJC_IMPLICIT_RETAIN_SELF = YES;
				CLANG_WARN_OBJC_LITERAL_CONVERSION = YES;
				CLANG_WARN_OBJC_ROOT_CLASS = YES_ERROR;
				CLANG_WARN_RANGE_LOOP_ANALYSIS = YES;
				CLANG_WARN_STRICT_PROTOTYPES = YES;
				CLANG_WARN_SUSPICIOUS_MOVE = YES;
				CLANG_WARN_UNGUARDED_AVAILABILITY = YES_AGGRESSIVE;
				CLANG_WARN_UNREACHABLE_CODE = YES;
				CLANG_WARN__DUPLICATE_METHOD_MATCH = YES;
				CODE_SIGN_IDENTITY = "iPhone Developer";
				COPY_PHASE_STRIP = NO;
				DEBUG_INFORMATION_FORMAT = dwarf;
				ENABLE_STRICT_OBJC_MSGSEND = YES;
				ENABLE_TESTABILITY = YES;
				GCC_C_LANGUAGE_STANDARD = gnu11;
				GCC_DYNAMIC_NO_PIC = NO;
				GCC_NO_COMMON_BLOCKS = YES;
				GCC_OPTIMIZATION_LEVEL = 0;
				GCC_PREPROCESSOR_DEFINITIONS = (
					"DEBUG=1",
					"$(inherited)",
				);
				GCC_WARN_64_TO_32_BIT_CONVERSION = YES;
				GCC_WARN_ABOUT_RETURN_TYPE = YES_ERROR;
				GCC_WARN_UNDECLARED_SELECTOR = YES;
				GCC_WARN_UNINITIALIZED_AUTOS = YES_AGGRESSIVE;
				GCC_WARN_UNUSED_FUNCTION = YES;
				GCC_WARN_UNUSED_VARIABLE = YES;
				IPHONEOS_DEPLOYMENT_TARGET = 12.1;
				MTL_ENABLE_DEBUG_INFO = INCLUDE_SOURCE;
				MTL_FAST_MATH = YES;
				ONLY_ACTIVE_ARCH = YES;
				SDKROOT = iphoneos;
			};
			name = Debug;
		};
		FF56DD6C21AFE3E80080DFBF /* Release */ = {
			isa = XCBuildConfiguration;
			buildSettings = {
				ALWAYS_SEARCH_USER_PATHS = NO;
				CLANG_ANALYZER_NONNULL = YES;
				CLANG_ANALYZER_NUMBER_OBJECT_CONVERSION = YES_AGGRESSIVE;
				CLANG_CXX_LANGUAGE_STANDARD = "gnu++14";
				CLANG_CXX_LIBRARY = "libc++";
				CLANG_ENABLE_MODULES = YES;
				CLANG_ENABLE_OBJC_ARC = YES;
				CLANG_ENABLE_OBJC_WEAK = YES;
				CLANG_WARN_BLOCK_CAPTURE_AUTORELEASING = YES;
				CLANG_WARN_BOOL_CONVERSION = YES;
				CLANG_WARN_COMMA = YES;
				CLANG_WARN_CONSTANT_CONVERSION = YES;
				CLANG_WARN_DEPRECATED_OBJC_IMPLEMENTATIONS = YES;
				CLANG_WARN_DIRECT_OBJC_ISA_USAGE = YES_ERROR;
				CLANG_WARN_DOCUMENTATION_COMMENTS = YES;
				CLANG_WARN_EMPTY_BODY = YES;
				CLANG_WARN_ENUM_CONVERSION = YES;
				CLANG_WARN_INFINITE_RECURSION = YES;
				CLANG_WARN_INT_CONVERSION = YES;
				CLANG_WARN_NON_LITERAL_NULL_CONVERSION = YES;
				CLANG_WARN_OBJC_IMPLICIT_RETAIN_SELF = YES;
				CLANG_WARN_OBJC_LITERAL_CONVERSION = YES;
				CLANG_WARN_OBJC_ROOT_CLASS = YES_ERROR;
				CLANG_WARN_RANGE_LOOP_ANALYSIS = YES;
				CLANG_WARN_STRICT_PROTOTYPES = YES;
				CLANG_WARN_SUSPICIOUS_MOVE = YES;
				CLANG_WARN_UNGUARDED_AVAILABILITY = YES_AGGRESSIVE;
				CLANG_WARN_UNREACHABLE_CODE = YES;
				CLANG_WARN__DUPLICATE_METHOD_MATCH = YES;
				CODE_SIGN_IDENTITY = "iPhone Developer";
				COPY_PHASE_STRIP = NO;
				DEBUG_INFORMATION_FORMAT = "dwarf-with-dsym";
				ENABLE_NS_ASSERTIONS = NO;
				ENABLE_STRICT_OBJC_MSGSEND = YES;
				GCC_C_LANGUAGE_STANDARD = gnu11;
				GCC_NO_COMMON_BLOCKS = YES;
				GCC_WARN_64_TO_32_BIT_CONVERSION = YES;
				GCC_WARN_ABOUT_RETURN_TYPE = YES_ERROR;
				GCC_WARN_UNDECLARED_SELECTOR = YES;
				GCC_WARN_UNINITIALIZED_AUTOS = YES_AGGRESSIVE;
				GCC_WARN_UNUSED_FUNCTION = YES;
				GCC_WARN_UNUSED_VARIABLE = YES;
				IPHONEOS_DEPLOYMENT_TARGET = 12.1;
				MTL_ENABLE_DEBUG_INFO = NO;
				MTL_FAST_MATH = YES;
				SDKROOT = iphoneos;
				VALIDATE_PRODUCT = YES;
			};
			name = Release;
		};
		FF56DD6E21AFE3E80080DFBF /* Debug */ = {
			isa = XCBuildConfiguration;
			buildSettings = {
				ASSETCATALOG_COMPILER_APPICON_NAME = AppIcon;
				CODE_SIGN_STYLE = Automatic;
				INFOPLIST_FILE = OCADV/Info.plist;
				LD_RUNPATH_SEARCH_PATHS = (
					"$(inherited)",
					"@executable_path/Frameworks",
				);
				PRODUCT_BUNDLE_IDENTIFIER = com.deppon.OCADV;
				PRODUCT_NAME = "$(TARGET_NAME)";
				TARGETED_DEVICE_FAMILY = "1,2";
			};
			name = Debug;
		};
		FF56DD6F21AFE3E80080DFBF /* Release */ = {
			isa = XCBuildConfiguration;
			buildSettings = {
				ASSETCATALOG_COMPILER_APPICON_NAME = AppIcon;
				CODE_SIGN_STYLE = Automatic;
				INFOPLIST_FILE = OCADV/Info.plist;
				LD_RUNPATH_SEARCH_PATHS = (
					"$(inherited)",
					"@executable_path/Frameworks",
				);
				PRODUCT_BUNDLE_IDENTIFIER = com.deppon.OCADV;
				PRODUCT_NAME = "$(TARGET_NAME)";
				TARGETED_DEVICE_FAMILY = "1,2";
			};
			name = Release;
		};
/* End XCBuildConfiguration section */

/* Begin XCConfigurationList section */
		FF56DD5221AFE3E70080DFBF /* Build configuration list for PBXProject "OCADV" */ = {
			isa = XCConfigurationList;
			buildConfigurations = (
				FF56DD6B21AFE3E80080DFBF /* Debug */,
				FF56DD6C21AFE3E80080DFBF /* Release */,
			);
			defaultConfigurationIsVisible = 0;
			defaultConfigurationName = Release;
		};
		FF56DD6D21AFE3E80080DFBF /* Build configuration list for PBXNativeTarget "OCADV" */ = {
			isa = XCConfigurationList;
			buildConfigurations = (
				FF56DD6E21AFE3E80080DFBF /* Debug */,
				FF56DD6F21AFE3E80080DFBF /* Release */,
			);
			defaultConfigurationIsVisible = 0;
			defaultConfigurationName = Release;
		};
/* End XCConfigurationList section */
	};
	rootObject = FF56DD4F21AFE3E70080DFBF /* Project object */;
}
